{
  "name": "s-tier",
  "version": "0.0.4",
  "lockfileVersion": 3,
  "requires": true,
  "packages": {
    "": {
      "name": "s-tier",
      "version": "0.0.4",
      "dependencies": {
        "melange-ffi": "^0.0.5"
      },
      "devDependencies": {
        "typescript": "^5.3.3"
      }
    },
    "node_modules/melange-ffi": {
      "version": "0.0.5",
      "resolved": "https://registry.npmjs.org/melange-ffi/-/melange-ffi-0.0.5.tgz",
      "integrity": "sha512-K6Qmz8hwD/xhMC6S6dJR3wkzDJt/7+09YBjAAOXwPzHQhDIMmeC9khXlO13DgRbt0nsb3Z6b94xj4wnW0E+zGg=="
    },
    "node_modules/typescript": {
      "version": "5.3.3",
      "resolved": "https://registry.npmjs.org/typescript/-/typescript-5.3.3.tgz",
      "integrity": "sha512-pXWcraxM0uxAS+tN0AG/BF2TyqmHO014Z070UsJ+pFvYuRSq8KH8DmWpnbXe0pEPDHXZV3FcAbJkijJ5oNEnWw==",
      "dev": true,
      "bin": {
        "tsc": "bin/tsc",
        "tsserver": "bin/tsserver"
      },
      "engines": {
        "node": ">=14.17"
      }
    }
  }
}
